# shellcheck shell=sh
# Immutable inputs used by both the production image and assistant native CI.
BUILDER_IMAGE=rapidaai/rapida-golang:1.25.13-bookworm
BUILDER_DIGEST=sha256:9199ed993f2b4d10f44d265d85436fbad0015031107f27e50c538a60df3ead8d
RUNTIME_IMAGE=rapidaai/rapida-debian:bookworm-slim
RUNTIME_DIGEST=sha256:4ef57670941b638b4274d0b1079163ddf4a84acffd676d0b319e5054eb8b4832

DEBIAN_SNAPSHOT=20250101T000000Z
DEBIAN_ARCH=amd64

ONNX_PYTHON_VERSION=1.16.2
ONNX_PYTHON_URL=https://files.pythonhosted.org/packages/0b/8b/443486985df06b2e934d1a833f44786f22af06f2ba144ec5ce61f63beb2e/onnx-1.16.2-cp311-cp311-manylinux_2_17_x86_64.manylinux2014_x86_64.whl
ONNX_PYTHON_SHA256=7b98aa9733bd4b781eb931d33b4078ff2837e7d68062460726d6dd011f332bd4
ONNX_LICENSE=https://github.com/onnx/onnx/blob/v1.16.2/LICENSE
NUMPY_PYTHON_VERSION=1.26.4
NUMPY_PYTHON_URL=https://files.pythonhosted.org/packages/3a/d0/edc009c27b406c4f9cbc79274d6e46d634d139075492ad055e3d68445925/numpy-1.26.4-cp311-cp311-manylinux_2_17_x86_64.manylinux2014_x86_64.whl
NUMPY_PYTHON_SHA256=666dbfb6ec68962c033a450943ded891bed2d54e6755e35e5835d63f4f6931d5
PROTOBUF_PYTHON_VERSION=4.25.3
PROTOBUF_PYTHON_URL=https://files.pythonhosted.org/packages/15/db/7f731524fe0e56c6b2eb57d05b55d3badd80ef7d1f1ed59db191b2fdd8ab/protobuf-4.25.3-cp37-abi3-manylinux2014_x86_64.whl
PROTOBUF_PYTHON_SHA256=7c8daa26095f82482307bc717364e7c13f4f1c99659be82890dcfc215194554d

LIVEKIT_EN_REVISION=ebcab0c09c2b62d926e92180d364df3aaae68a09
LIVEKIT_EN_MODEL_SHA256=fdd695a99bda01155fb0b5ce71d34cb9fd3902c62496db7a6c2c7bdeac310ac7
LIVEKIT_TOKENIZER_SHA256=6f0dc4b1306b1b17da46b55b696c8f54ba7cb05a1b91dc526fd143f31e882fcb
LIVEKIT_INTL_REVISION=87e35fcb1e60a569bea70346191c4886ea92e281
LIVEKIT_INTL_MODEL_SHA256=bd2c30776882138a1d95a07faddc13756fe1a35bef6323505f1124fca349bc9c
LIVEKIT_PROVENANCE=https://huggingface.co/livekit/turn-detector

PIPECAT_REVISION=f766f81d3cfdf7737ac64aad813d91bbfd56bf93
PIPECAT_MODEL_SHA256=2bb026316b14a660486a75b1733cd3fbab8c2fd0314dc9af7be49f8cca967e4f
PIPECAT_LICENSE=bsd-2-clause
PIPECAT_PROVENANCE=https://huggingface.co/pipecat-ai/smart-turn-v3

TEN_VAD_ARCH=Linux/x64
TEN_VAD_LIBRARY_SHA256=5abfe6bf6e9a4fcea6b440240f0a9a0f431ab5006e48a4e16465ebe681ffd90f
TEN_VAD_PROVENANCE=https://github.com/TEN-framework/ten-vad

GOVULNCHECK_VERSION=v1.1.4
