postgres.image=postgres:15-alpine@sha256:fe0737ba566a2c5b2a28f34433c0a423261900ec17b9bf7ad115e1aae7e57f1b
postgres.platform=linux/amd64
redis.image=redis:7-alpine@sha256:ff02b58f971e7d7d156a1267e283fcbbeee91773b6aa36c49dac28ecfe28eadf
redis.platform=linux/amd64
nginx.image=nginx:alpine@sha256:db35bfc6b2951e7f8a72db5db120288c127ffaeeb4a6d4b95a26fead017d5913
nginx.platform=linux/amd64
migrate.image=migrate/migrate:v4.18.1@sha256:f21c436af23c282f4516b00ba3e93bccf5c5fe5cd52530fd5c319a936998f539
migrate.platform=linux/amd64
test-runner-builder.image=golang:1.25.13-alpine@sha256:1e0126852075c9c60731c8ba49088448b91f63e2aed97ca9d1a9791622a05946
test-runner-runtime.image=node:22-alpine@sha256:c610fcdfb1d5b4740dd70c284ed3cb16bb857e0f7166196e36a5501df7a3aa32
test-runner.platform=linux/amd64
